
Microsoft Visual Studio Solution File, Format Version 12.00
# Visual Studio 2013
VisualStudioVersion = 12.0.30324.0
MinimumVisualStudioVersion = 10.0.40219.1
Project("{2150E333-8FDC-42A3-9474-1A3956D46DE8}") = "Venmo", "Venmo", "{16A79F4B-44C9-447E-91B1-5EA814681C3C}"
EndProject
Project("{D954291E-2A0B-460D-934E-DC6B0785DB48}") = "Venmo.Shared", "Venmo\Venmo.Shared\Venmo.Shared.shproj", "{C5E3834F-A6B6-4C19-89AD-DC358830B14A}"
EndProject
Project("{FAE04EC0-301F-11D3-BF4B-00C04F79EFBC}") = "Venmo.Windows", "Venmo\Venmo.Windows\Venmo.Windows.csproj", "{F3543C75-942B-44D3-860E-D7CD6009EBCE}"
EndProject
Project("{FAE04EC0-301F-11D3-BF4B-00C04F79EFBC}") = "Venmo.WindowsPhone", "Venmo\Venmo.WindowsPhone\Venmo.WindowsPhone.csproj", "{122528BA-ECC4-489B-8088-793859DB0BFE}"
EndProject
Global
	GlobalSection(SharedMSBuildProjectFiles) = preSolution
		Venmo\Venmo.Shared\Venmo.Shared.projitems*{122528ba-ecc4-489b-8088-793859db0bfe}*SharedItemsImports = 4
		Venmo\Venmo.Shared\Venmo.Shared.projitems*{f3543c75-942b-44d3-860e-d7cd6009ebce}*SharedItemsImports = 4
		Venmo\Venmo.Shared\Venmo.Shared.projitems*{c5e3834f-a6b6-4c19-89ad-dc358830b14a}*SharedItemsImports = 13
	EndGlobalSection
	GlobalSection(SolutionConfigurationPlatforms) = preSolution
		Debug|Any CPU = Debug|Any CPU
		Debug|ARM = Debug|ARM
		Debug|x64 = Debug|x64
		Debug|x86 = Debug|x86
		Release|Any CPU = Release|Any CPU
		Release|ARM = Release|ARM
		Release|x64 = Release|x64
		Release|x86 = Release|x86
	EndGlobalSection
	GlobalSection(ProjectConfigurationPlatforms) = postSolution
		{F3543C75-942B-44D3-860E-D7CD6009EBCE}.Debug|Any CPU.ActiveCfg = Debug|Any CPU
		{F3543C75-942B-44D3-860E-D7CD6009EBCE}.Debug|Any CPU.Build.0 = Debug|Any CPU
		{F3543C75-942B-44D3-860E-D7CD6009EBCE}.Debug|Any CPU.Deploy.0 = Debug|Any CPU
		{F3543C75-942B-44D3-860E-D7CD6009EBCE}.Debug|ARM.ActiveCfg = Debug|ARM
		{F3543C75-942B-44D3-860E-D7CD6009EBCE}.Debug|ARM.Build.0 = Debug|ARM
		{F3543C75-942B-44D3-860E-D7CD6009EBCE}.Debug|ARM.Deploy.0 = Debug|ARM
		{F3543C75-942B-44D3-860E-D7CD6009EBCE}.Debug|x64.ActiveCfg = Debug|x64
		{F3543C75-942B-44D3-860E-D7CD6009EBCE}.Debug|x64.Build.0 = Debug|x64
		{F3543C75-942B-44D3-860E-D7CD6009EBCE}.Debug|x64.Deploy.0 = Debug|x64
		{F3543C75-942B-44D3-860E-D7CD6009EBCE}.Debug|x86.ActiveCfg = Debug|x86
		{F3543C75-942B-44D3-860E-D7CD6009EBCE}.Debug|x86.Build.0 = Debug|x86
		{F3543C75-942B-44D3-860E-D7CD6009EBCE}.Debug|x86.Deploy.0 = Debug|x86
		{F3543C75-942B-44D3-860E-D7CD6009EBCE}.Release|Any CPU.ActiveCfg = Release|Any CPU
		{F3543C75-942B-44D3-860E-D7CD6009EBCE}.Release|Any CPU.Build.0 = Release|Any CPU
		{F3543C75-942B-44D3-860E-D7CD6009EBCE}.Release|Any CPU.Deploy.0 = Release|Any CPU
		{F3543C75-942B-44D3-860E-D7CD6009EBCE}.Release|ARM.ActiveCfg = Release|ARM
		{F3543C75-942B-44D3-860E-D7CD6009EBCE}.Release|ARM.Build.0 = Release|ARM
		{F3543C75-942B-44D3-860E-D7CD6009EBCE}.Release|ARM.Deploy.0 = Release|ARM
		{F3543C75-942B-44D3-860E-D7CD6009EBCE}.Release|x64.ActiveCfg = Release|x64
		{F3543C75-942B-44D3-860E-D7CD6009EBCE}.Release|x64.Build.0 = Release|x64
		{F3543C75-942B-44D3-860E-D7CD6009EBCE}.Release|x64.Deploy.0 = Release|x64
		{F3543C75-942B-44D3-860E-D7CD6009EBCE}.Release|x86.ActiveCfg = Release|x86
		{F3543C75-942B-44D3-860E-D7CD6009EBCE}.Release|x86.Build.0 = Release|x86
		{F3543C75-942B-44D3-860E-D7CD6009EBCE}.Release|x86.Deploy.0 = Release|x86
		{122528BA-ECC4-489B-8088-793859DB0BFE}.Debug|Any CPU.ActiveCfg = Debug|Any CPU
		{122528BA-ECC4-489B-8088-793859DB0BFE}.Debug|Any CPU.Build.0 = Debug|Any CPU
		{122528BA-ECC4-489B-8088-793859DB0BFE}.Debug|Any CPU.Deploy.0 = Debug|Any CPU
		{122528BA-ECC4-489B-8088-793859DB0BFE}.Debug|ARM.ActiveCfg = Debug|ARM
		{122528BA-ECC4-489B-8088-793859DB0BFE}.Debug|ARM.Build.0 = Debug|ARM
		{122528BA-ECC4-489B-8088-793859DB0BFE}.Debug|ARM.Deploy.0 = Debug|ARM
		{122528BA-ECC4-489B-8088-793859DB0BFE}.Debug|x64.ActiveCfg = Debug|Any CPU
		{122528BA-ECC4-489B-8088-793859DB0BFE}.Debug|x86.ActiveCfg = Debug|x86
		{122528BA-ECC4-489B-8088-793859DB0BFE}.Debug|x86.Build.0 = Debug|x86
		{122528BA-ECC4-489B-8088-793859DB0BFE}.Debug|x86.Deploy.0 = Debug|x86
		{122528BA-ECC4-489B-8088-793859DB0BFE}.Release|Any CPU.ActiveCfg = Release|Any CPU
		{122528BA-ECC4-489B-8088-793859DB0BFE}.Release|Any CPU.Build.0 = Release|Any CPU
		{122528BA-ECC4-489B-8088-793859DB0BFE}.Release|Any CPU.Deploy.0 = Release|Any CPU
		{122528BA-ECC4-489B-8088-793859DB0BFE}.Release|ARM.ActiveCfg = Release|ARM
		{122528BA-ECC4-489B-8088-793859DB0BFE}.Release|ARM.Build.0 = Release|ARM
		{122528BA-ECC4-489B-8088-793859DB0BFE}.Release|ARM.Deploy.0 = Release|ARM
		{122528BA-ECC4-489B-8088-793859DB0BFE}.Release|x64.ActiveCfg = Release|Any CPU
		{122528BA-ECC4-489B-8088-793859DB0BFE}.Release|x86.ActiveCfg = Release|x86
		{122528BA-ECC4-489B-8088-793859DB0BFE}.Release|x86.Build.0 = Release|x86
		{122528BA-ECC4-489B-8088-793859DB0BFE}.Release|x86.Deploy.0 = Release|x86
	EndGlobalSection
	GlobalSection(SolutionProperties) = preSolution
		HideSolutionNode = FALSE
	EndGlobalSection
	GlobalSection(NestedProjects) = preSolution
		{C5E3834F-A6B6-4C19-89AD-DC358830B14A} = {16A79F4B-44C9-447E-91B1-5EA814681C3C}
		{F3543C75-942B-44D3-860E-D7CD6009EBCE} = {16A79F4B-44C9-447E-91B1-5EA814681C3C}
		{122528BA-ECC4-489B-8088-793859DB0BFE} = {16A79F4B-44C9-447E-91B1-5EA814681C3C}
	EndGlobalSection
EndGlobal
